
Microsoft Visual Studio Solution File, Format Version 12.00
# Visual Studio Version 17
VisualStudioVersion = 17.12.35707.178 d17.12
MinimumVisualStudioVersion = 10.0.40219.1
Project("{FAE04EC0-301F-11D3-BF4B-00C04F79EFBC}") = "16-2", "16-2\16-2.csproj", "{455D37F9-D11A-46BF-B85A-F0CD0EE8757E}"
EndProject
Global
	GlobalSection(SolutionConfigurationPlatforms) = preSolution
		Debug|Any CPU = Debug|Any CPU
		Release|Any CPU = Release|Any CPU
	EndGlobalSection
	GlobalSection(ProjectConfigurationPlatforms) = postSolution
		{455D37F9-D11A-46BF-B85A-F0CD0EE8757E}.Debug|Any CPU.ActiveCfg = Debug|Any CPU
		{455D37F9-D11A-46BF-B85A-F0CD0EE8757E}.Debug|Any CPU.Build.0 = Debug|Any CPU
		{455D37F9-D11A-46BF-B85A-F0CD0EE8757E}.Release|Any CPU.ActiveCfg = Release|Any CPU
		{455D37F9-D11A-46BF-B85A-F0CD0EE8757E}.Release|Any CPU.Build.0 = Release|Any CPU
	EndGlobalSection
	GlobalSection(SolutionProperties) = preSolution
		HideSolutionNode = FALSE
	EndGlobalSection
EndGlobal
